{
  "version": 4,
  "terraform_version": "1.10.5",
  "serial": 5,
  "lineage": "ca719ee9-e52e-deb5-720a-e18300e97d87",
  "outputs": {},
  "resources": [
    {
      "mode": "managed",
      "type": "local_file",
      "name": "pet",
      "provider": "provider[\"registry.terraform.io/hashicorp/local\"]",
      "instances": [
        {
          "index_key": 0,
          "schema_version": 0,
          "attributes": {
            "content": "This is a sample content for /Users/Sahil/Desktop/Terraform-for-Rookies/01TerraformBasics/13Count/pets.txt",
            "content_base64": null,
            "content_base64sha256": "pEWMBXo2HEzhI3zjRAjjkCAJD4RppS30+8QrTZE+p9E=",
            "content_base64sha512": "c43FnzAiSkwaeykrz2pW4ny4QhbIDTmc+ma4cdfY7CV2LLvtmPbUZH7NEXn1i/xnDThOJnlocUt+s3/AAJ7+Qw==",
            "content_md5": "50ad7c2faaf141769dbed518f4351c09",
            "content_sha1": "0cd4233d5d9fa9a5b8fa58ebd5e2680a68aab32a",
            "content_sha256": "a4458c057a361c4ce1237ce34408e39020090f8469a52df4fbc42b4d913ea7d1",
            "content_sha512": "738dc59f30224a4c1a7b292bcf6a56e27cb84216c80d399cfa66b871d7d8ec25762cbbed98f6d4647ecd1179f58bfc670d384e267968714b7eb37fc0009efe43",
            "directory_permission": "0777",
            "file_permission": "0777",
            "filename": "/Users/Sahil/Desktop/Terraform-for-Rookies/01TerraformBasics/13Count/pets.txt",
            "id": "0cd4233d5d9fa9a5b8fa58ebd5e2680a68aab32a",
            "sensitive_content": null,
            "source": null
          },
          "sensitive_attributes": [
            [
              {
                "type": "get_attr",
                "value": "sensitive_content"
              }
            ]
          ]
        },
        {
          "index_key": 1,
          "schema_version": 0,
          "attributes": {
            "content": "This is a sample content for /Users/Sahil/Desktop/Terraform-for-Rookies/01TerraformBasics/13Count/dogs.txt",
            "content_base64": null,
            "content_base64sha256": "s0MxYTexFqYPYPZ+a/7SqT5v488HZi0r7DeKcxwYPrM=",
            "content_base64sha512": "QdlNzwMJHiR4f2rGZdNRDP4x5QCAgqYqC8cTjWVuagy4vLygZdBh99xW+dzq+nQQqdfsM3pd6KkVUQoG6J3Q8w==",
            "content_md5": "ff704a734164217e5b60fb6a3e708807",
            "content_sha1": "5962bd80b1e38944bd7be98f706bba3b71873df2",
            "content_sha256": "b343316137b116a60f60f67e6bfed2a93e6fe3cf07662d2bec378a731c183eb3",
            "content_sha512": "41d94dcf03091e24787f6ac665d3510cfe31e5008082a62a0bc7138d656e6a0cb8bcbca065d061f7dc56f9dceafa7410a9d7ec337a5de8a915510a06e89dd0f3",
            "directory_permission": "0777",
            "file_permission": "0777",
            "filename": "/Users/Sahil/Desktop/Terraform-for-Rookies/01TerraformBasics/13Count/dogs.txt",
            "id": "5962bd80b1e38944bd7be98f706bba3b71873df2",
            "sensitive_content": null,
            "source": null
          },
          "sensitive_attributes": [
            [
              {
                "type": "get_attr",
                "value": "sensitive_content"
              }
            ]
          ]
        },
        {
          "index_key": 2,
          "schema_version": 0,
          "attributes": {
            "content": "This is a sample content for /Users/Sahil/Desktop/Terraform-for-Rookies/01TerraformBasics/13Count/cows.txt",
            "content_base64": null,
            "content_base64sha256": "a8l9k49GZrWe0Za9h8afBg1S8XkreYbF+FKKl5ROeTQ=",
            "content_base64sha512": "tYYt1nQSOVVl9HvTyGJ1u0BaWk0QjwwocOquLg7PxJsmqVTXmTmRtSgegmgndYX5Yc3ZWm+wtcvnka3ibOUM1w==",
            "content_md5": "07adc551e67c70b9d5db87b85065a06d",
            "content_sha1": "fd811d664c71348dc2e2c3bea162e898aaaf9b17",
            "content_sha256": "6bc97d938f4666b59ed196bd87c69f060d52f1792b7986c5f8528a97944e7934",
            "content_sha512": "b5862dd67412395565f47bd3c86275bb405a5a4d108f0c2870eaae2e0ecfc49b26a954d7993991b5281e8268277585f961cdd95a6fb0b5cbe791ade26ce50cd7",
            "directory_permission": "0777",
            "file_permission": "0777",
            "filename": "/Users/Sahil/Desktop/Terraform-for-Rookies/01TerraformBasics/13Count/cows.txt",
            "id": "fd811d664c71348dc2e2c3bea162e898aaaf9b17",
            "sensitive_content": null,
            "source": null
          },
          "sensitive_attributes": [
            [
              {
                "type": "get_attr",
                "value": "sensitive_content"
              }
            ]
          ]
        },
        {
          "index_key": 3,
          "schema_version": 0,
          "attributes": {
            "content": "This is a sample content for /Users/Sahil/Desktop/Terraform-for-Rookies/01TerraformBasics/13Count/ducks.txt",
            "content_base64": null,
            "content_base64sha256": "RCKVnhIqF8TdEqytvAorLZ3lVZV+BEokmkFoY1neiQ0=",
            "content_base64sha512": "vnt6OgvBZBFZs5iQkUENBpqLEQhMY/fWn6Omu6xON9lsq2bMKfqaY5+DYKNmQNJunc0qDc1VUo8ma2QvQ+oEdw==",
            "content_md5": "b27b1c031e85d881f4616e549bb377f6",
            "content_sha1": "23af40fdb756030b09cfac5e56cc10524c24518e",
            "content_sha256": "4422959e122a17c4dd12acadbc0a2b2d9de555957e044a249a41686359de890d",
            "content_sha512": "be7b7a3a0bc1641159b3989091410d069a8b11084c63f7d69fa3a6bbac4e37d96cab66cc29fa9a639f8360a36640d26e9dcd2a0dcd55528f266b642f43ea0477",
            "directory_permission": "0777",
            "file_permission": "0777",
            "filename": "/Users/Sahil/Desktop/Terraform-for-Rookies/01TerraformBasics/13Count/ducks.txt",
            "id": "23af40fdb756030b09cfac5e56cc10524c24518e",
            "sensitive_content": null,
            "source": null
          },
          "sensitive_attributes": [
            [
              {
                "type": "get_attr",
                "value": "sensitive_content"
              }
            ]
          ]
        }
      ]
    }
  ],
  "check_results": null
}
