{
  "version": 4,
  "terraform_version": "1.10.5",
  "serial": 1,
  "lineage": "c05290ef-e41c-7556-f7d5-cf0e28f27ef6",
  "outputs": {},
  "resources": [
    {
      "mode": "managed",
      "type": "local_file",
      "name": "my-pet",
      "provider": "provider[\"registry.terraform.io/hashicorp/local\"]",
      "instances": [
        {
          "schema_version": 0,
          "attributes": {
            "content": "Pets loves us back",
            "content_base64": null,
            "content_base64sha256": "ctGMqaXjVgh5L3v4++ylG+wjYLnvAnLAtBkZ2wN01gI=",
            "content_base64sha512": "9TT4V7oU7MH7torM8WOeIUtSAFNez1hfw5BrGk74QAWJPafbcotOAmFuvzr3FpRjB4DS1ZXDLd89RsktDk1wag==",
            "content_md5": "38ad0fc6eb1d62ea2c8a99cced4ae73b",
            "content_sha1": "219defa50a265d5c47fb1d69ff9c3f5d4d4f98c6",
            "content_sha256": "72d18ca9a5e35608792f7bf8fbeca51bec2360b9ef0272c0b41919db0374d602",
            "content_sha512": "f534f857ba14ecc1fbb68accf1639e214b5200535ecf585fc3906b1a4ef84005893da7db728b4e02616ebf3af71694630780d2d595c32ddf3d46c92d0e4d706a",
            "directory_permission": "0777",
            "file_permission": "0777",
            "filename": "/Users/Sahil/Desktop/Terraform-for-Rookies/01TerraformBasics/05Maps/pets.txt",
            "id": "219defa50a265d5c47fb1d69ff9c3f5d4d4f98c6",
            "sensitive_content": null,
            "source": null
          },
          "sensitive_attributes": [
            [
              {
                "type": "get_attr",
                "value": "sensitive_content"
              }
            ]
          ]
        }
      ]
    }
  ],
  "check_results": null
}
